NeoBundleLock iceberg.vim 0a18b0fbfdcdace35ee7ff4397ab6932d6dae1da
NeoBundleLock indentLine 80f4acdfab361407d449a3b3e12130217dd0d2a1
NeoBundleLock neobundle.vim 1306c131ff0a6cc094b7ff0727350e442b5427f1
NeoBundleLock previm 03b472f166579f52496415a45ac43167888fe96d
NeoBundleLock unite.vim f08df66abda88a83f0436e0bd1ffa05009a9645a
NeoBundleLock vim-expand-region 966513543de0ddc2d673b5528a056269e7917276
NeoBundleLock vim-surround 597068870b8f093a8b2d11536c62ff31222ee8d0
NeoBundleLock vimfiler edbb2f2e6baa66c51f73a82afa2bb740415a64ea
